<?xml version="1.0" encoding="utf-8"?>
<Project ToolsVersion="4.0" xmlns="http://schemas.microsoft.com/developer/msbuild/2003">
  <ItemGroup>
    <Filter Include="Programmers">
      <UniqueIdentifier>{55f69713-9264-488f-97b8-513bd97e36a9}</UniqueIdentifier>
    </Filter>
    <Filter Include="Baekjoon">
      <UniqueIdentifier>{4FC737F1-C7A5-4376-A066-2A32D752A2FF}</UniqueIdentifier>
      <Extensions>cpp;c;cc;cxx;c++;cppm;ixx;def;odl;idl;hpj;bat;asm;asmx</Extensions>
    </Filter>
  </ItemGroup>
  <ItemGroup>
    <ClCompile Include="Boj7568.cpp">
      <Filter>Baekjoon</Filter>
    </ClCompile>
    <ClCompile Include="Boj10799.cpp">
      <Filter>Baekjoon</Filter>
    </ClCompile>
    <ClCompile Include="오픈채팅방_미해결.cpp">
      <Filter>Programmers</Filter>
    </ClCompile>
    <ClCompile Include="Boj11866.cpp">
      <Filter>Baekjoon</Filter>
    </ClCompile>
    <ClCompile Include="Boj11650.cpp">
      <Filter>Baekjoon</Filter>
    </ClCompile>
    <ClCompile Include="Boj10866.cpp">
      <Filter>Baekjoon</Filter>
    </ClCompile>
    <ClCompile Include="Boj11651.cpp">
      <Filter>Baekjoon</Filter>
    </ClCompile>
    <ClCompile Include="Boj4949.cpp">
      <Filter>Baekjoon</Filter>
    </ClCompile>
    <ClCompile Include="Boj18110.cpp">
      <Filter>Baekjoon</Filter>
    </ClCompile>
    <ClCompile Include="Boj1237.cpp">
      <Filter>Baekjoon</Filter>
    </ClCompile>
  </ItemGroup>
</Project>