<?xml version="1.0" encoding="utf-8"?>
<Project ToolsVersion="4.0" xmlns="http://schemas.microsoft.com/developer/msbuild/2003">
  <ItemGroup>
    <Filter Include="Programmers">
      <UniqueIdentifier>{55f69713-9264-488f-97b8-513bd97e36a9}</UniqueIdentifier>
    </Filter>
    <Filter Include="Baekjoon">
      <UniqueIdentifier>{4FC737F1-C7A5-4376-A066-2A32D752A2FF}</UniqueIdentifier>
      <Extensions>cpp;c;cc;cxx;c++;cppm;ixx;def;odl;idl;hpj;bat;asm;asmx</Extensions>
    </Filter>
  </ItemGroup>
  <ItemGroup>
    <ClCompile Include="Boj7568.cpp">
      <Filter>Baekjoon</Filter>
    </ClCompile>
    <ClCompile Include="Boj10799.cpp">
      <Filter>Baekjoon</Filter>
    </ClCompile>
    <ClCompile Include="오픈채팅방_미해결.cpp">
      <Filter>Programmers</Filter>
    </ClCompile>
    <ClCompile Include="Boj11866.cpp">
      <Filter>Baekjoon</Filter>
    </ClCompile>
    <ClCompile Include="Boj11650.cpp">
      <Filter>Baekjoon</Filter>
    </ClCompile>
    <ClCompile Include="Boj10866.cpp">
      <Filter>Baekjoon</Filter>
    </ClCompile>
    <ClCompile Include="Boj11651.cpp">
      <Filter>Baekjoon</Filter>
    </ClCompile>
    <ClCompile Include="Boj4949.cpp">
      <Filter>Baekjoon</Filter>
    </ClCompile>
    <ClCompile Include="Boj18110.cpp">
      <Filter>Baekjoon</Filter>
    </ClCompile>
    <ClCompile Include="Boj1237.cpp">
      <Filter>Baekjoon</Filter>
    </ClCompile>
    <ClCompile Include="Boj14337.cpp">
      <Filter>Baekjoon</Filter>
    </ClCompile>
    <ClCompile Include="Boj1009.cpp">
      <Filter>Baekjoon</Filter>
    </ClCompile>
    <ClCompile Include="Boj1966.cpp">
      <Filter>Baekjoon</Filter>
    </ClCompile>
    <ClCompile Include="Boj2108.cpp">
      <Filter>Baekjoon</Filter>
    </ClCompile>
    <ClCompile Include="Boj18111.cpp">
      <Filter>Baekjoon</Filter>
    </ClCompile>
    <ClCompile Include="Boj7287.cpp">
      <Filter>Baekjoon</Filter>
    </ClCompile>
    <ClCompile Include="Boj10699.cpp">
      <Filter>Baekjoon</Filter>
    </ClCompile>
    <ClCompile Include="Boj2420.cpp">
      <Filter>Baekjoon</Filter>
    </ClCompile>
    <ClCompile Include="Boj1874.cpp">
      <Filter>Baekjoon</Filter>
    </ClCompile>
    <ClCompile Include="Boj5338.cpp">
      <Filter>Baekjoon</Filter>
    </ClCompile>
    <ClCompile Include="Boj4101.cpp">
      <Filter>Baekjoon</Filter>
    </ClCompile>
    <ClCompile Include="Boj11942.cpp">
      <Filter>Baekjoon</Filter>
    </ClCompile>
    <ClCompile Include="Boj16394.cpp">
      <Filter>Baekjoon</Filter>
    </ClCompile>
    <ClCompile Include="Boj15680.cpp">
      <Filter>Baekjoon</Filter>
    </ClCompile>
    <ClCompile Include="Boj11047.cpp">
      <Filter>Baekjoon</Filter>
    </ClCompile>
    <ClCompile Include="Boj11724.cpp">
      <Filter>Baekjoon</Filter>
    </ClCompile>
    <ClCompile Include="Boj1260.cpp">
      <Filter>Baekjoon</Filter>
    </ClCompile>
    <ClCompile Include="Boj11653.cpp">
      <Filter>Baekjoon</Filter>
    </ClCompile>
    <ClCompile Include="Boj11399.cpp">
      <Filter>Baekjoon</Filter>
    </ClCompile>
    <ClCompile Include="Boj17219.cpp">
      <Filter>Baekjoon</Filter>
    </ClCompile>
    <ClCompile Include="Boj5585.cpp">
      <Filter>Baekjoon</Filter>
    </ClCompile>
    <ClCompile Include="Boj2992.cpp">
      <Filter>Baekjoon</Filter>
    </ClCompile>
    <ClCompile Include="Boj1927.cpp">
      <Filter>Baekjoon</Filter>
    </ClCompile>
    <ClCompile Include="Boj4246.cpp">
      <Filter>Baekjoon</Filter>
    </ClCompile>
    <ClCompile Include="Boj15649.cpp">
      <Filter>Baekjoon</Filter>
    </ClCompile>
    <ClCompile Include="Boj15650.cpp">
      <Filter>Baekjoon</Filter>
    </ClCompile>
    <ClCompile Include="Boj15651.cpp">
      <Filter>Baekjoon</Filter>
    </ClCompile>
    <ClCompile Include="Boj15652.cpp">
      <Filter>Baekjoon</Filter>
    </ClCompile>
    <ClCompile Include="Boj2252.cpp">
      <Filter>Baekjoon</Filter>
    </ClCompile>
    <ClCompile Include="Boj2748.cpp">
      <Filter>Baekjoon</Filter>
    </ClCompile>
    <ClCompile Include="Boj1003.cpp">
      <Filter>Baekjoon</Filter>
    </ClCompile>
    <ClCompile Include="Boj9653.cpp">
      <Filter>Baekjoon</Filter>
    </ClCompile>
    <ClCompile Include="Boj1308.cpp">
      <Filter>Baekjoon</Filter>
    </ClCompile>
    <ClCompile Include="Boj11052.cpp">
      <Filter>Baekjoon</Filter>
    </ClCompile>
    <ClCompile Include="Boj1309.cpp">
      <Filter>Baekjoon</Filter>
    </ClCompile>
    <ClCompile Include="Boj11657.cpp">
      <Filter>Baekjoon</Filter>
    </ClCompile>
    <ClCompile Include="Boj18352.cpp">
      <Filter>Baekjoon</Filter>
    </ClCompile>
    <ClCompile Include="Boj11404.cpp">
      <Filter>Baekjoon</Filter>
    </ClCompile>
    <ClCompile Include="Boj11279.cpp">
      <Filter>Baekjoon</Filter>
    </ClCompile>
    <ClCompile Include="Boj11403.cpp">
      <Filter>Baekjoon</Filter>
    </ClCompile>
    <ClCompile Include="Boj1717.cpp">
      <Filter>Baekjoon</Filter>
    </ClCompile>
    <ClCompile Include="Boj27433.cpp">
      <Filter>Baekjoon</Filter>
    </ClCompile>
    <ClCompile Include="Boj1463.cpp">
      <Filter>Baekjoon</Filter>
    </ClCompile>
    <ClCompile Include="Boj9095.cpp">
      <Filter>Baekjoon</Filter>
    </ClCompile>
    <ClCompile Include="Boj27323.cpp">
      <Filter>Baekjoon</Filter>
    </ClCompile>
    <ClCompile Include="Boj10039.cpp">
      <Filter>Baekjoon</Filter>
    </ClCompile>
    <ClCompile Include="Boj4195.cpp">
      <Filter>Baekjoon</Filter>
    </ClCompile>
    <ClCompile Include="Boj4673.cpp">
      <Filter>Baekjoon</Filter>
    </ClCompile>
    <ClCompile Include="Boj11286.cpp">
      <Filter>Baekjoon</Filter>
    </ClCompile>
    <ClCompile Include="Boj9461.cpp">
      <Filter>Baekjoon</Filter>
    </ClCompile>
    <ClCompile Include="Boj7662.cpp">
      <Filter>Baekjoon</Filter>
    </ClCompile>
    <ClCompile Include="Boj13414.cpp">
      <Filter>Baekjoon</Filter>
    </ClCompile>
    <ClCompile Include="Boj1532.cpp">
      <Filter>Baekjoon</Filter>
    </ClCompile>
    <ClCompile Include="Boj2744.cpp">
      <Filter>Baekjoon</Filter>
    </ClCompile>
    <ClCompile Include="Boj15964.cpp">
      <Filter>Baekjoon</Filter>
    </ClCompile>
    <ClCompile Include="Boj3046.cpp">
      <Filter>Baekjoon</Filter>
    </ClCompile>
  </ItemGroup>
</Project>